
Microsoft Visual Studio Solution File, Format Version 12.00
# Visual Studio Version 17
VisualStudioVersion = 17.9.34714.143
MinimumVisualStudioVersion = 10.0.40219.1
Project("{2150E333-8FDC-42A3-9474-1A3956D46DE8}") = "Solution Items", "Solution Items", "{8077C8A8-D2FF-4C3D-844B-40DADABE14A9}"
	ProjectSection(SolutionItems) = preProject
		LegacyAppTest.csproj = LegacyAppTest.csproj
		UserServiceTest.cs = UserServiceTest.cs
	EndProjectSection
EndProject
Global
	GlobalSection(SolutionProperties) = preSolution
		HideSolutionNode = FALSE
	EndGlobalSection
	GlobalSection(ExtensibilityGlobals) = postSolution
		SolutionGuid = {4096574F-EC72-40EC-A34C-3ADF2214C783}
	EndGlobalSection
EndGlobal
